// !$*UTF8*$!
{
	archiveVersion = 1;
	classes = {
	};
	objectVersion = 55;
	objects = {

/* Begin PBXBuildFile section */
		97021B9628870B8400200623 /* NetworkLayer.swift in Sources */ = {isa = PBXBuildFile; fileRef = 97021B9528870B8400200623 /* NetworkLayer.swift */; };
		97021B9828870D4F00200623 /* PhoneNumberViewController+Models.swift in Sources */ = {isa = PBXBuildFile; fileRef = 97021B9728870D4F00200623 /* PhoneNumberViewController+Models.swift */; };
		9757522A2885CCDE0097BB73 /* Inter-Medium.ttf in Resources */ = {isa = PBXBuildFile; fileRef = 975752212885CCDE0097BB73 /* Inter-Medium.ttf */; };
		9757522B2885CCDE0097BB73 /* Inter-Light.ttf in Resources */ = {isa = PBXBuildFile; fileRef = 975752222885CCDE0097BB73 /* Inter-Light.ttf */; };
		9757522C2885CCDE0097BB73 /* Inter-Thin.ttf in Resources */ = {isa = PBXBuildFile; fileRef = 975752232885CCDE0097BB73 /* Inter-Thin.ttf */; };
		9757522D2885CCDE0097BB73 /* Inter-Bold.ttf in Resources */ = {isa = PBXBuildFile; fileRef = 975752242885CCDE0097BB73 /* Inter-Bold.ttf */; };
		9757522E2885CCDE0097BB73 /* Inter-Regular.ttf in Resources */ = {isa = PBXBuildFile; fileRef = 975752252885CCDE0097BB73 /* Inter-Regular.ttf */; };
		9757522F2885CCDE0097BB73 /* Inter-ExtraBold.ttf in Resources */ = {isa = PBXBuildFile; fileRef = 975752262885CCDE0097BB73 /* Inter-ExtraBold.ttf */; };
		975752302885CCDE0097BB73 /* Inter-ExtraLight.ttf in Resources */ = {isa = PBXBuildFile; fileRef = 975752272885CCDE0097BB73 /* Inter-ExtraLight.ttf */; };
		975752312885CCDE0097BB73 /* Inter-Black.ttf in Resources */ = {isa = PBXBuildFile; fileRef = 975752282885CCDE0097BB73 /* Inter-Black.ttf */; };
		975752322885CCDE0097BB73 /* Inter-SemiBold.ttf in Resources */ = {isa = PBXBuildFile; fileRef = 975752292885CCDE0097BB73 /* Inter-SemiBold.ttf */; };
		9797B4EC28748E8100951B4C /* AppDelegate.swift in Sources */ = {isa = PBXBuildFile; fileRef = 9797B4EB28748E8100951B4C /* AppDelegate.swift */; };
		9797B4F028748E8100951B4C /* PhoneNumberViewController.swift in Sources */ = {isa = PBXBuildFile; fileRef = 9797B4EF28748E8100951B4C /* PhoneNumberViewController.swift */; };
		9797B4F328748E8100951B4C /* Main.storyboard in Resources */ = {isa = PBXBuildFile; fileRef = 9797B4F128748E8100951B4C /* Main.storyboard */; };
		9797B4F528748E8300951B4C /* Assets.xcassets in Resources */ = {isa = PBXBuildFile; fileRef = 9797B4F428748E8300951B4C /* Assets.xcassets */; };
		9797B4F828748E8300951B4C /* LaunchScreen.storyboard in Resources */ = {isa = PBXBuildFile; fileRef = 9797B4F628748E8300951B4C /* LaunchScreen.storyboard */; };
		97C531FA2874AA2F008CDB7F /* TwilioVerifySNA in Frameworks */ = {isa = PBXBuildFile; productRef = 97C531F92874AA2F008CDB7F /* TwilioVerifySNA */; };
/* End PBXBuildFile section */

/* Begin PBXFileReference section */
		97021B9528870B8400200623 /* NetworkLayer.swift */ = {isa = PBXFileReference; lastKnownFileType = sourcecode.swift; path = NetworkLayer.swift; sourceTree = "<group>"; };
		97021B9728870D4F00200623 /* PhoneNumberViewController+Models.swift */ = {isa = PBXFileReference; lastKnownFileType = sourcecode.swift; path = "PhoneNumberViewController+Models.swift"; sourceTree = "<group>"; };
		975752212885CCDE0097BB73 /* Inter-Medium.ttf */ = {isa = PBXFileReference; lastKnownFileType = file; path = "Inter-Medium.ttf"; sourceTree = "<group>"; };
		975752222885CCDE0097BB73 /* Inter-Light.ttf */ = {isa = PBXFileReference; lastKnownFileType = file; path = "Inter-Light.ttf"; sourceTree = "<group>"; };
		975752232885CCDE0097BB73 /* Inter-Thin.ttf */ = {isa = PBXFileReference; lastKnownFileType = file; path = "Inter-Thin.ttf"; sourceTree = "<group>"; };
		975752242885CCDE0097BB73 /* Inter-Bold.ttf */ = {isa = PBXFileReference; lastKnownFileType = file; path = "Inter-Bold.ttf"; sourceTree = "<group>"; };
		975752252885CCDE0097BB73 /* Inter-Regular.ttf */ = {isa = PBXFileReference; lastKnownFileType = file; path = "Inter-Regular.ttf"; sourceTree = "<group>"; };
		975752262885CCDE0097BB73 /* Inter-ExtraBold.ttf */ = {isa = PBXFileReference; lastKnownFileType = file; path = "Inter-ExtraBold.ttf"; sourceTree = "<group>"; };
		975752272885CCDE0097BB73 /* Inter-ExtraLight.ttf */ = {isa = PBXFileReference; lastKnownFileType = file; path = "Inter-ExtraLight.ttf"; sourceTree = "<group>"; };
		975752282885CCDE0097BB73 /* Inter-Black.ttf */ = {isa = PBXFileReference; lastKnownFileType = file; path = "Inter-Black.ttf"; sourceTree = "<group>"; };
		975752292885CCDE0097BB73 /* Inter-SemiBold.ttf */ = {isa = PBXFileReference; lastKnownFileType = file; path = "Inter-SemiBold.ttf"; sourceTree = "<group>"; };
		9797B4E828748E8100951B4C /* TwilioVerifySNADemo.app */ = {isa = PBXFileReference; explicitFileType = wrapper.application; includeInIndex = 0; path = TwilioVerifySNADemo.app; sourceTree = BUILT_PRODUCTS_DIR; };
		9797B4EB28748E8100951B4C /* AppDelegate.swift */ = {isa = PBXFileReference; lastKnownFileType = sourcecode.swift; path = AppDelegate.swift; sourceTree = "<group>"; };
		9797B4EF28748E8100951B4C /* PhoneNumberViewController.swift */ = {isa = PBXFileReference; lastKnownFileType = sourcecode.swift; path = PhoneNumberViewController.swift; sourceTree = "<group>"; };
		9797B4F228748E8100951B4C /* Base */ = {isa = PBXFileReference; lastKnownFileType = file.storyboard; name = Base; path = Base.lproj/Main.storyboard; sourceTree = "<group>"; };
		9797B4F428748E8300951B4C /* Assets.xcassets */ = {isa = PBXFileReference; lastKnownFileType = folder.assetcatalog; path = Assets.xcassets; sourceTree = "<group>"; };
		9797B4F728748E8300951B4C /* Base */ = {isa = PBXFileReference; lastKnownFileType = file.storyboard; name = Base; path = Base.lproj/LaunchScreen.storyboard; sourceTree = "<group>"; };
		9797B4F928748E8300951B4C /* Info.plist */ = {isa = PBXFileReference; lastKnownFileType = text.plist.xml; path = Info.plist; sourceTree = "<group>"; };
/* End PBXFileReference section */

/* Begin PBXFrameworksBuildPhase section */
		9797B4E528748E8100951B4C /* Frameworks */ = {
			isa = PBXFrameworksBuildPhase;
			buildActionMask = 2147483647;
			files = (
				97C531FA2874AA2F008CDB7F /* TwilioVerifySNA in Frameworks */,
			);
			runOnlyForDeploymentPostprocessing = 0;
		};
/* End PBXFrameworksBuildPhase section */

/* Begin PBXGroup section */
		9757521F2885CCDE0097BB73 /* Fonts */ = {
			isa = PBXGroup;
			children = (
				975752202885CCDE0097BB73 /* Inter */,
			);
			path = Fonts;
			sourceTree = "<group>";
		};
		975752202885CCDE0097BB73 /* Inter */ = {
			isa = PBXGroup;
			children = (
				975752212885CCDE0097BB73 /* Inter-Medium.ttf */,
				975752222885CCDE0097BB73 /* Inter-Light.ttf */,
				975752232885CCDE0097BB73 /* Inter-Thin.ttf */,
				975752242885CCDE0097BB73 /* Inter-Bold.ttf */,
				975752252885CCDE0097BB73 /* Inter-Regular.ttf */,
				975752262885CCDE0097BB73 /* Inter-ExtraBold.ttf */,
				975752272885CCDE0097BB73 /* Inter-ExtraLight.ttf */,
				975752282885CCDE0097BB73 /* Inter-Black.ttf */,
				975752292885CCDE0097BB73 /* Inter-SemiBold.ttf */,
			);
			path = Inter;
			sourceTree = "<group>";
		};
		975752332885F0C50097BB73 /* PhoneNumber */ = {
			isa = PBXGroup;
			children = (
				9797B4EF28748E8100951B4C /* PhoneNumberViewController.swift */,
				97021B9728870D4F00200623 /* PhoneNumberViewController+Models.swift */,
			);
			path = PhoneNumber;
			sourceTree = "<group>";
		};
		9797B4DF28748E8100951B4C = {
			isa = PBXGroup;
			children = (
				9797B508287492C700951B4C /* Common */,
				9797B507287492B200951B4C /* Screens */,
				9797B506287492A600951B4C /* Configuration */,
				9797B4F128748E8100951B4C /* Main.storyboard */,
				9797B4E928748E8100951B4C /* Products */,
				9797B503287491A600951B4C /* Frameworks */,
			);
			sourceTree = "<group>";
		};
		9797B4E928748E8100951B4C /* Products */ = {
			isa = PBXGroup;
			children = (
				9797B4E828748E8100951B4C /* TwilioVerifySNADemo.app */,
			);
			name = Products;
			sourceTree = "<group>";
		};
		9797B503287491A600951B4C /* Frameworks */ = {
			isa = PBXGroup;
			children = (
			);
			name = Frameworks;
			sourceTree = "<group>";
		};
		9797B506287492A600951B4C /* Configuration */ = {
			isa = PBXGroup;
			children = (
				9797B4F928748E8300951B4C /* Info.plist */,
				9797B4EB28748E8100951B4C /* AppDelegate.swift */,
			);
			path = Configuration;
			sourceTree = "<group>";
		};
		9797B507287492B200951B4C /* Screens */ = {
			isa = PBXGroup;
			children = (
				975752332885F0C50097BB73 /* PhoneNumber */,
			);
			path = Screens;
			sourceTree = "<group>";
		};
		9797B508287492C700951B4C /* Common */ = {
			isa = PBXGroup;
			children = (
				9757521F2885CCDE0097BB73 /* Fonts */,
				9797B4F428748E8300951B4C /* Assets.xcassets */,
				9797B4F628748E8300951B4C /* LaunchScreen.storyboard */,
				97021B9528870B8400200623 /* NetworkLayer.swift */,
			);
			path = Common;
			sourceTree = "<group>";
		};
/* End PBXGroup section */

/* Begin PBXNativeTarget section */
		9797B4E728748E8100951B4C /* TwilioVerifySNADemo */ = {
			isa = PBXNativeTarget;
			buildConfigurationList = 9797B4FC28748E8300951B4C /* Build configuration list for PBXNativeTarget "TwilioVerifySNADemo" */;
			buildPhases = (
				9797B4E428748E8100951B4C /* Sources */,
				9797B4E528748E8100951B4C /* Frameworks */,
				9797B4E628748E8100951B4C /* Resources */,
				978F30772874E3D70030668F /* SwiftLint */,
			);
			buildRules = (
			);
			dependencies = (
			);
			name = TwilioVerifySNADemo;
			packageProductDependencies = (
				97C531F92874AA2F008CDB7F /* TwilioVerifySNA */,
			);
			productName = TwilioVerifySNADemo;
			productReference = 9797B4E828748E8100951B4C /* TwilioVerifySNADemo.app */;
			productType = "com.apple.product-type.application";
		};
/* End PBXNativeTarget section */

/* Begin PBXProject section */
		9797B4E028748E8100951B4C /* Project object */ = {
			isa = PBXProject;
			attributes = {
				BuildIndependentTargetsInParallel = 1;
				LastSwiftUpdateCheck = 1340;
				LastUpgradeCheck = 1340;
				TargetAttributes = {
					9797B4E728748E8100951B4C = {
						CreatedOnToolsVersion = 13.4.1;
					};
				};
			};
			buildConfigurationList = 9797B4E328748E8100951B4C /* Build configuration list for PBXProject "TwilioVerifySNADemo" */;
			compatibilityVersion = "Xcode 13.0";
			developmentRegion = en;
			hasScannedForEncodings = 0;
			knownRegions = (
				en,
				Base,
			);
			mainGroup = 9797B4DF28748E8100951B4C;
			productRefGroup = 9797B4E928748E8100951B4C /* Products */;
			projectDirPath = "";
			projectRoot = "";
			targets = (
				9797B4E728748E8100951B4C /* TwilioVerifySNADemo */,
			);
		};
/* End PBXProject section */

/* Begin PBXResourcesBuildPhase section */
		9797B4E628748E8100951B4C /* Resources */ = {
			isa = PBXResourcesBuildPhase;
			buildActionMask = 2147483647;
			files = (
				975752322885CCDE0097BB73 /* Inter-SemiBold.ttf in Resources */,
				9757522B2885CCDE0097BB73 /* Inter-Light.ttf in Resources */,
				975752302885CCDE0097BB73 /* Inter-ExtraLight.ttf in Resources */,
				9757522A2885CCDE0097BB73 /* Inter-Medium.ttf in Resources */,
				9757522F2885CCDE0097BB73 /* Inter-ExtraBold.ttf in Resources */,
				9757522C2885CCDE0097BB73 /* Inter-Thin.ttf in Resources */,
				9757522D2885CCDE0097BB73 /* Inter-Bold.ttf in Resources */,
				975752312885CCDE0097BB73 /* Inter-Black.ttf in Resources */,
				9797B4F828748E8300951B4C /* LaunchScreen.storyboard in Resources */,
				9797B4F528748E8300951B4C /* Assets.xcassets in Resources */,
				9757522E2885CCDE0097BB73 /* Inter-Regular.ttf in Resources */,
				9797B4F328748E8100951B4C /* Main.storyboard in Resources */,
			);
			runOnlyForDeploymentPostprocessing = 0;
		};
/* End PBXResourcesBuildPhase section */

/* Begin PBXShellScriptBuildPhase section */
		978F30772874E3D70030668F /* SwiftLint */ = {
			isa = PBXShellScriptBuildPhase;
			alwaysOutOfDate = 1;
			buildActionMask = 2147483647;
			files = (
			);
			inputFileListPaths = (
			);
			inputPaths = (
			);
			name = SwiftLint;
			outputFileListPaths = (
			);
			outputPaths = (
			);
			runOnlyForDeploymentPostprocessing = 0;
			shellPath = /bin/sh;
			shellScript = "export PATH=\"$PATH:/opt/homebrew/bin\"\nif which swiftlint > /dev/null; then\n  swiftlint\nelse\n  echo \"warning: SwiftLint not installed, download from https://github.com/realm/SwiftLint\"\nfi\n";
		};
/* End PBXShellScriptBuildPhase section */

/* Begin PBXSourcesBuildPhase section */
		9797B4E428748E8100951B4C /* Sources */ = {
			isa = PBXSourcesBuildPhase;
			buildActionMask = 2147483647;
			files = (
				97021B9628870B8400200623 /* NetworkLayer.swift in Sources */,
				9797B4F028748E8100951B4C /* PhoneNumberViewController.swift in Sources */,
				97021B9828870D4F00200623 /* PhoneNumberViewController+Models.swift in Sources */,
				9797B4EC28748E8100951B4C /* AppDelegate.swift in Sources */,
			);
			runOnlyForDeploymentPostprocessing = 0;
		};
/* End PBXSourcesBuildPhase section */

/* Begin PBXVariantGroup section */
		9797B4F128748E8100951B4C /* Main.storyboard */ = {
			isa = PBXVariantGroup;
			children = (
				9797B4F228748E8100951B4C /* Base */,
			);
			name = Main.storyboard;
			sourceTree = "<group>";
		};
		9797B4F628748E8300951B4C /* LaunchScreen.storyboard */ = {
			isa = PBXVariantGroup;
			children = (
				9797B4F728748E8300951B4C /* Base */,
			);
			name = LaunchScreen.storyboard;
			sourceTree = "<group>";
		};
/* End PBXVariantGroup section */

/* Begin XCBuildConfiguration section */
		9797B4FA28748E8300951B4C /* Debug */ = {
			isa = XCBuildConfiguration;
			buildSettings = {
				ALWAYS_SEARCH_USER_PATHS = NO;
				CLANG_ANALYZER_NONNULL = YES;
				CLANG_ANALYZER_NUMBER_OBJECT_CONVERSION = YES_AGGRESSIVE;
				CLANG_CXX_LANGUAGE_STANDARD = "gnu++17";
				CLANG_ENABLE_MODULES = YES;
				CLANG_ENABLE_OBJC_ARC = YES;
				CLANG_ENABLE_OBJC_WEAK = YES;
				CLANG_WARN_BLOCK_CAPTURE_AUTORELEASING = YES;
				CLANG_WARN_BOOL_CONVERSION = YES;
				CLANG_WARN_COMMA = YES;
				CLANG_WARN_CONSTANT_CONVERSION = YES;
				CLANG_WARN_DEPRECATED_OBJC_IMPLEMENTATIONS = YES;
				CLANG_WARN_DIRECT_OBJC_ISA_USAGE = YES_ERROR;
				CLANG_WARN_DOCUMENTATION_COMMENTS = YES;
				CLANG_WARN_EMPTY_BODY = YES;
				CLANG_WARN_ENUM_CONVERSION = YES;
				CLANG_WARN_INFINITE_RECURSION = YES;
				CLANG_WARN_INT_CONVERSION = YES;
				CLANG_WARN_NON_LITERAL_NULL_CONVERSION = YES;
				CLANG_WARN_OBJC_IMPLICIT_RETAIN_SELF = YES;
				CLANG_WARN_OBJC_LITERAL_CONVERSION = YES;
				CLANG_WARN_OBJC_ROOT_CLASS = YES_ERROR;
				CLANG_WARN_QUOTED_INCLUDE_IN_FRAMEWORK_HEADER = YES;
				CLANG_WARN_RANGE_LOOP_ANALYSIS = YES;
				CLANG_WARN_STRICT_PROTOTYPES = YES;
				CLANG_WARN_SUSPICIOUS_MOVE = YES;
				CLANG_WARN_UNGUARDED_AVAILABILITY = YES_AGGRESSIVE;
				CLANG_WARN_UNREACHABLE_CODE = YES;
				CLANG_WARN__DUPLICATE_METHOD_MATCH = YES;
				COPY_PHASE_STRIP = NO;
				DEBUG_INFORMATION_FORMAT = dwarf;
				ENABLE_STRICT_OBJC_MSGSEND = YES;
				ENABLE_TESTABILITY = YES;
				GCC_C_LANGUAGE_STANDARD = gnu11;
				GCC_DYNAMIC_NO_PIC = NO;
				GCC_NO_COMMON_BLOCKS = YES;
				GCC_OPTIMIZATION_LEVEL = 0;
				GCC_PREPROCESSOR_DEFINITIONS = (
					"DEBUG=1",
					"$(inherited)",
				);
				GCC_WARN_64_TO_32_BIT_CONVERSION = YES;
				GCC_WARN_ABOUT_RETURN_TYPE = YES_ERROR;
				GCC_WARN_UNDECLARED_SELECTOR = YES;
				GCC_WARN_UNINITIALIZED_AUTOS = YES_AGGRESSIVE;
				GCC_WARN_UNUSED_FUNCTION = YES;
				GCC_WARN_UNUSED_VARIABLE = YES;
				IPHONEOS_DEPLOYMENT_TARGET = 12.0;
				MTL_ENABLE_DEBUG_INFO = INCLUDE_SOURCE;
				MTL_FAST_MATH = YES;
				ONLY_ACTIVE_ARCH = YES;
				SDKROOT = iphoneos;
				SWIFT_ACTIVE_COMPILATION_CONDITIONS = DEBUG;
				SWIFT_OPTIMIZATION_LEVEL = "-Onone";
			};
			name = Debug;
		};
		9797B4FB28748E8300951B4C /* Release */ = {
			isa = XCBuildConfiguration;
			buildSettings = {
				ALWAYS_SEARCH_USER_PATHS = NO;
				CLANG_ANALYZER_NONNULL = YES;
				CLANG_ANALYZER_NUMBER_OBJECT_CONVERSION = YES_AGGRESSIVE;
				CLANG_CXX_LANGUAGE_STANDARD = "gnu++17";
				CLANG_ENABLE_MODULES = YES;
				CLANG_ENABLE_OBJC_ARC = YES;
				CLANG_ENABLE_OBJC_WEAK = YES;
				CLANG_WARN_BLOCK_CAPTURE_AUTORELEASING = YES;
				CLANG_WARN_BOOL_CONVERSION = YES;
				CLANG_WARN_COMMA = YES;
				CLANG_WARN_CONSTANT_CONVERSION = YES;
				CLANG_WARN_DEPRECATED_OBJC_IMPLEMENTATIONS = YES;
				CLANG_WARN_DIRECT_OBJC_ISA_USAGE = YES_ERROR;
				CLANG_WARN_DOCUMENTATION_COMMENTS = YES;
				CLANG_WARN_EMPTY_BODY = YES;
				CLANG_WARN_ENUM_CONVERSION = YES;
				CLANG_WARN_INFINITE_RECURSION = YES;
				CLANG_WARN_INT_CONVERSION = YES;
				CLANG_WARN_NON_LITERAL_NULL_CONVERSION = YES;
				CLANG_WARN_OBJC_IMPLICIT_RETAIN_SELF = YES;
				CLANG_WARN_OBJC_LITERAL_CONVERSION = YES;
				CLANG_WARN_OBJC_ROOT_CLASS = YES_ERROR;
				CLANG_WARN_QUOTED_INCLUDE_IN_FRAMEWORK_HEADER = YES;
				CLANG_WARN_RANGE_LOOP_ANALYSIS = YES;
				CLANG_WARN_STRICT_PROTOTYPES = YES;
				CLANG_WARN_SUSPICIOUS_MOVE = YES;
				CLANG_WARN_UNGUARDED_AVAILABILITY = YES_AGGRESSIVE;
				CLANG_WARN_UNREACHABLE_CODE = YES;
				CLANG_WARN__DUPLICATE_METHOD_MATCH = YES;
				COPY_PHASE_STRIP = NO;
				DEBUG_INFORMATION_FORMAT = "dwarf-with-dsym";
				ENABLE_NS_ASSERTIONS = NO;
				ENABLE_STRICT_OBJC_MSGSEND = YES;
				GCC_C_LANGUAGE_STANDARD = gnu11;
				GCC_NO_COMMON_BLOCKS = YES;
				GCC_WARN_64_TO_32_BIT_CONVERSION = YES;
				GCC_WARN_ABOUT_RETURN_TYPE = YES_ERROR;
				GCC_WARN_UNDECLARED_SELECTOR = YES;
				GCC_WARN_UNINITIALIZED_AUTOS = YES_AGGRESSIVE;
				GCC_WARN_UNUSED_FUNCTION = YES;
				GCC_WARN_UNUSED_VARIABLE = YES;
				IPHONEOS_DEPLOYMENT_TARGET = 12.0;
				MTL_ENABLE_DEBUG_INFO = NO;
				MTL_FAST_MATH = YES;
				SDKROOT = iphoneos;
				SWIFT_COMPILATION_MODE = wholemodule;
				SWIFT_OPTIMIZATION_LEVEL = "-O";
				VALIDATE_PRODUCT = YES;
			};
			name = Release;
		};
		9797B4FD28748E8300951B4C /* Debug */ = {
			isa = XCBuildConfiguration;
			buildSettings = {
				ASSETCATALOG_COMPILER_APPICON_NAME = AppIcon;
				ASSETCATALOG_COMPILER_GLOBAL_ACCENT_COLOR_NAME = AccentColor;
				CODE_SIGN_STYLE = Manual;
				CURRENT_PROJECT_VERSION = 6;
				DEVELOPMENT_TEAM = "";
				GENERATE_INFOPLIST_FILE = YES;
				INFOPLIST_FILE = Configuration/Info.plist;
				INFOPLIST_KEY_UIApplicationSupportsIndirectInputEvents = YES;
				INFOPLIST_KEY_UILaunchStoryboardName = LaunchScreen;
				INFOPLIST_KEY_UIMainStoryboardFile = Main;
				INFOPLIST_KEY_UISupportedInterfaceOrientations = UIInterfaceOrientationPortrait;
				INFOPLIST_KEY_UIUserInterfaceStyle = Light;
				IPHONEOS_DEPLOYMENT_TARGET = 12.0;
				LD_RUNPATH_SEARCH_PATHS = (
					"$(inherited)",
					"@executable_path/Frameworks",
				);
				MACOSX_DEPLOYMENT_TARGET = 12.0;
				MARKETING_VERSION = 0.0.7;
				PRODUCT_BUNDLE_IDENTIFIER = com.twilio.TwilioVerifySNADemo;
				PRODUCT_NAME = "$(TARGET_NAME)";
				PROVISIONING_PROFILE_SPECIFIER = "";
				SWIFT_EMIT_LOC_STRINGS = YES;
				SWIFT_VERSION = 5.0;
				TARGETED_DEVICE_FAMILY = "1,2";
			};
			name = Debug;
		};
		9797B4FE28748E8300951B4C /* Release */ = {
			isa = XCBuildConfiguration;
			buildSettings = {
				ASSETCATALOG_COMPILER_APPICON_NAME = AppIcon;
				ASSETCATALOG_COMPILER_GLOBAL_ACCENT_COLOR_NAME = AccentColor;
				CODE_SIGN_STYLE = Manual;
				CURRENT_PROJECT_VERSION = 6;
				DEVELOPMENT_TEAM = "";
				GENERATE_INFOPLIST_FILE = YES;
				INFOPLIST_FILE = Configuration/Info.plist;
				INFOPLIST_KEY_UIApplicationSupportsIndirectInputEvents = YES;
				INFOPLIST_KEY_UILaunchStoryboardName = LaunchScreen;
				INFOPLIST_KEY_UIMainStoryboardFile = Main;
				INFOPLIST_KEY_UISupportedInterfaceOrientations = UIInterfaceOrientationPortrait;
				INFOPLIST_KEY_UIUserInterfaceStyle = Light;
				IPHONEOS_DEPLOYMENT_TARGET = 12.0;
				LD_RUNPATH_SEARCH_PATHS = (
					"$(inherited)",
					"@executable_path/Frameworks",
				);
				MACOSX_DEPLOYMENT_TARGET = 12.0;
				MARKETING_VERSION = 0.0.7;
				PRODUCT_BUNDLE_IDENTIFIER = com.twilio.TwilioVerifySNADemo;
				PRODUCT_NAME = "$(TARGET_NAME)";
				PROVISIONING_PROFILE_SPECIFIER = "";
				SWIFT_EMIT_LOC_STRINGS = YES;
				SWIFT_VERSION = 5.0;
				TARGETED_DEVICE_FAMILY = "1,2";
			};
			name = Release;
		};
/* End XCBuildConfiguration section */

/* Begin XCConfigurationList section */
		9797B4E328748E8100951B4C /* Build configuration list for PBXProject "TwilioVerifySNADemo" */ = {
			isa = XCConfigurationList;
			buildConfigurations = (
				9797B4FA28748E8300951B4C /* Debug */,
				9797B4FB28748E8300951B4C /* Release */,
			);
			defaultConfigurationIsVisible = 0;
			defaultConfigurationName = Release;
		};
		9797B4FC28748E8300951B4C /* Build configuration list for PBXNativeTarget "TwilioVerifySNADemo" */ = {
			isa = XCConfigurationList;
			buildConfigurations = (
				9797B4FD28748E8300951B4C /* Debug */,
				9797B4FE28748E8300951B4C /* Release */,
			);
			defaultConfigurationIsVisible = 0;
			defaultConfigurationName = Release;
		};
/* End XCConfigurationList section */

/* Begin XCSwiftPackageProductDependency section */
		97C531F92874AA2F008CDB7F /* TwilioVerifySNA */ = {
			isa = XCSwiftPackageProductDependency;
			productName = TwilioVerifySNA;
		};
/* End XCSwiftPackageProductDependency section */
	};
	rootObject = 9797B4E028748E8100951B4C /* Project object */;
}
